
Microsoft Visual Studio Solution File, Format Version 12.00
# Visual Studio 2012
Project("{FAE04EC0-301F-11D3-BF4B-00C04F79EFBC}") = "JsonSchemaValidator", "JsonSchemaValidator\JsonSchemaValidator.csproj", "{3DD79A25-C299-4E5E-A119-E95B5BC75C51}"
EndProject
Project("{FAE04EC0-301F-11D3-BF4B-00C04F79EFBC}") = "JsonSchemaValidatorTests", "JsonSchemaValidatorTests\JsonSchemaValidatorTests.csproj", "{D01FA42E-1CC1-45E8-931E-A1CD959B3AF7}"
EndProject
Global
	GlobalSection(SolutionConfigurationPlatforms) = preSolution
		Debug|Any CPU = Debug|Any CPU
		Release|Any CPU = Release|Any CPU
	EndGlobalSection
	GlobalSection(ProjectConfigurationPlatforms) = postSolution
		{3DD79A25-C299-4E5E-A119-E95B5BC75C51}.Debug|Any CPU.ActiveCfg = Debug|Any CPU
		{3DD79A25-C299-4E5E-A119-E95B5BC75C51}.Debug|Any CPU.Build.0 = Debug|Any CPU
		{3DD79A25-C299-4E5E-A119-E95B5BC75C51}.Release|Any CPU.ActiveCfg = Release|Any CPU
		{3DD79A25-C299-4E5E-A119-E95B5BC75C51}.Release|Any CPU.Build.0 = Release|Any CPU
		{D01FA42E-1CC1-45E8-931E-A1CD959B3AF7}.Debug|Any CPU.ActiveCfg = Debug|Any CPU
		{D01FA42E-1CC1-45E8-931E-A1CD959B3AF7}.Debug|Any CPU.Build.0 = Debug|Any CPU
		{D01FA42E-1CC1-45E8-931E-A1CD959B3AF7}.Release|Any CPU.ActiveCfg = Release|Any CPU
		{D01FA42E-1CC1-45E8-931E-A1CD959B3AF7}.Release|Any CPU.Build.0 = Release|Any CPU
	EndGlobalSection
	GlobalSection(SolutionProperties) = preSolution
		HideSolutionNode = FALSE
	EndGlobalSection
EndGlobal
